
Microsoft Visual Studio Solution File, Format Version 12.00
# Visual Studio 15
VisualStudioVersion = 15.0.27130.2027
MinimumVisualStudioVersion = 10.0.40219.1
Project("{9A19103F-16F7-4668-BE54-9A1E7A4F7556}") = "Lab1B", "Lab1B\Lab1B.csproj", "{A2F8D30B-0905-4DF7-AB2C-8F61670C7973}"
EndProject
Project("{9A19103F-16F7-4668-BE54-9A1E7A4F7556}") = "lab1A", "lab1A\lab1A.csproj", "{5E1DB17F-81D4-498A-877F-1622619C2704}"
EndProject
Global
	GlobalSection(SolutionConfigurationPlatforms) = preSolution
		Debug|Any CPU = Debug|Any CPU
		Release|Any CPU = Release|Any CPU
	EndGlobalSection
	GlobalSection(ProjectConfigurationPlatforms) = postSolution
		{A2F8D30B-0905-4DF7-AB2C-8F61670C7973}.Debug|Any CPU.ActiveCfg = Debug|Any CPU
		{A2F8D30B-0905-4DF7-AB2C-8F61670C7973}.Debug|Any CPU.Build.0 = Debug|Any CPU
		{A2F8D30B-0905-4DF7-AB2C-8F61670C7973}.Release|Any CPU.ActiveCfg = Release|Any CPU
		{A2F8D30B-0905-4DF7-AB2C-8F61670C7973}.Release|Any CPU.Build.0 = Release|Any CPU
		{5E1DB17F-81D4-498A-877F-1622619C2704}.Debug|Any CPU.ActiveCfg = Debug|Any CPU
		{5E1DB17F-81D4-498A-877F-1622619C2704}.Debug|Any CPU.Build.0 = Debug|Any CPU
		{5E1DB17F-81D4-498A-877F-1622619C2704}.Release|Any CPU.ActiveCfg = Release|Any CPU
		{5E1DB17F-81D4-498A-877F-1622619C2704}.Release|Any CPU.Build.0 = Release|Any CPU
	EndGlobalSection
	GlobalSection(SolutionProperties) = preSolution
		HideSolutionNode = FALSE
	EndGlobalSection
	GlobalSection(ExtensibilityGlobals) = postSolution
		SolutionGuid = {460BFEE8-29F5-41B6-9F0D-300923178572}
	EndGlobalSection
EndGlobal
